
Microsoft Visual Studio Solution File, Format Version 12.00
# Visual Studio 15
VisualStudioVersion = 15.0.28307.329
MinimumVisualStudioVersion = 10.0.40219.1
Project("{9A19103F-16F7-4668-BE54-9A1E7A4F7556}") = "NPOI.Extend", "src\NPOI.Extend.csproj", "{1AAC215A-AD94-4037-92A1-E913199D7091}"
EndProject
Project("{9A19103F-16F7-4668-BE54-9A1E7A4F7556}") = "Test", "test\Test.csproj", "{7DF90E47-2FDE-4E8C-991E-453AFE42A571}"
EndProject
Global
	GlobalSection(SolutionConfigurationPlatforms) = preSolution
		Debug|Any CPU = Debug|Any CPU
		Release|Any CPU = Release|Any CPU
	EndGlobalSection
	GlobalSection(ProjectConfigurationPlatforms) = postSolution
		{1AAC215A-AD94-4037-92A1-E913199D7091}.Debug|Any CPU.ActiveCfg = Debug|Any CPU
		{1AAC215A-AD94-4037-92A1-E913199D7091}.Debug|Any CPU.Build.0 = Debug|Any CPU
		{1AAC215A-AD94-4037-92A1-E913199D7091}.Release|Any CPU.ActiveCfg = Release|Any CPU
		{1AAC215A-AD94-4037-92A1-E913199D7091}.Release|Any CPU.Build.0 = Release|Any CPU
		{7DF90E47-2FDE-4E8C-991E-453AFE42A571}.Debug|Any CPU.ActiveCfg = Debug|Any CPU
		{7DF90E47-2FDE-4E8C-991E-453AFE42A571}.Debug|Any CPU.Build.0 = Debug|Any CPU
		{7DF90E47-2FDE-4E8C-991E-453AFE42A571}.Release|Any CPU.ActiveCfg = Release|Any CPU
		{7DF90E47-2FDE-4E8C-991E-453AFE42A571}.Release|Any CPU.Build.0 = Release|Any CPU
	EndGlobalSection
	GlobalSection(SolutionProperties) = preSolution
		HideSolutionNode = FALSE
	EndGlobalSection
	GlobalSection(ExtensibilityGlobals) = postSolution
		SolutionGuid = {43957B24-23DD-4BF7-81E6-AE3BD622B295}
	EndGlobalSection
EndGlobal
